
Microsoft Visual Studio Solution File, Format Version 12.00
# Visual Studio Version 17
VisualStudioVersion = 17.0.31912.275
MinimumVisualStudioVersion = 10.0.40219.1
Project("{FAE04EC0-301F-11D3-BF4B-00C04F79EFBC}") = "Day2", "Day2\Day2.csproj", "{867B6561-205E-4542-BFA6-E06AAEE17646}"
EndProject
Global
	GlobalSection(SolutionConfigurationPlatforms) = preSolution
		Debug|Any CPU = Debug|Any CPU
		Release|Any CPU = Release|Any CPU
	EndGlobalSection
	GlobalSection(ProjectConfigurationPlatforms) = postSolution
		{867B6561-205E-4542-BFA6-E06AAEE17646}.Debug|Any CPU.ActiveCfg = Debug|Any CPU
		{867B6561-205E-4542-BFA6-E06AAEE17646}.Debug|Any CPU.Build.0 = Debug|Any CPU
		{867B6561-205E-4542-BFA6-E06AAEE17646}.Release|Any CPU.ActiveCfg = Release|Any CPU
		{867B6561-205E-4542-BFA6-E06AAEE17646}.Release|Any CPU.Build.0 = Release|Any CPU
	EndGlobalSection
	GlobalSection(SolutionProperties) = preSolution
		HideSolutionNode = FALSE
	EndGlobalSection
	GlobalSection(ExtensibilityGlobals) = postSolution
		SolutionGuid = {B9D34D3E-4EF9-4E53-8060-3A6EE20DE6E7}
	EndGlobalSection
EndGlobal
